Microsoft Visual Studio Solution File, Format Version 12.00
# Visual Studio Version 17
VisualStudioVersion = 17.5.2.0
MinimumVisualStudioVersion = 10.0.40219.1
Project("{FAE04EC0-301F-11D3-BF4B-00C04F79EFBC}") = "Tenekon.MethodOverloads.AcceptanceCriterias", "Tenekon.MethodOverloads.AcceptanceCriterias.csproj", "{AD7706E0-B009-8255-D766-EB3A989C9F2E}"
EndProject
Global
	GlobalSection(SolutionConfigurationPlatforms) = preSolution
		Debug|Any CPU = Debug|Any CPU
		Release|Any CPU = Release|Any CPU
	EndGlobalSection
	GlobalSection(ProjectConfigurationPlatforms) = postSolution
		{AD7706E0-B009-8255-D766-EB3A989C9F2E}.Debug|Any CPU.ActiveCfg = Debug|Any CPU
		{AD7706E0-B009-8255-D766-EB3A989C9F2E}.Debug|Any CPU.Build.0 = Debug|Any CPU
		{AD7706E0-B009-8255-D766-EB3A989C9F2E}.Release|Any CPU.ActiveCfg = Release|Any CPU
		{AD7706E0-B009-8255-D766-EB3A989C9F2E}.Release|Any CPU.Build.0 = Release|Any CPU
	EndGlobalSection
	GlobalSection(SolutionProperties) = preSolution
		HideSolutionNode = FALSE
	EndGlobalSection
	GlobalSection(ExtensibilityGlobals) = postSolution
		SolutionGuid = {DC81B13E-71DB-4A67-9CD8-81F7480957F2}
	EndGlobalSection
EndGlobal
